
Microsoft Visual Studio Solution File, Format Version 12.00
# Visual Studio Version 17
VisualStudioVersion = 17.7.34202.233
MinimumVisualStudioVersion = 10.0.40219.1
Project("{FAE04EC0-301F-11D3-BF4B-00C04F79EFBC}") = "PJS5_CSharp_Form", "PJS5_CSharp_Form\PJS5_CSharp_Form.csproj", "{236860B8-3827-4D66-B047-B524528144B4}"
EndProject
Global
	GlobalSection(SolutionConfigurationPlatforms) = preSolution
		Debug|Any CPU = Debug|Any CPU
		Release|Any CPU = Release|Any CPU
	EndGlobalSection
	GlobalSection(ProjectConfigurationPlatforms) = postSolution
		{236860B8-3827-4D66-B047-B524528144B4}.Debug|Any CPU.ActiveCfg = Debug|Any CPU
		{236860B8-3827-4D66-B047-B524528144B4}.Debug|Any CPU.Build.0 = Debug|Any CPU
		{236860B8-3827-4D66-B047-B524528144B4}.Release|Any CPU.ActiveCfg = Release|Any CPU
		{236860B8-3827-4D66-B047-B524528144B4}.Release|Any CPU.Build.0 = Release|Any CPU
	EndGlobalSection
	GlobalSection(SolutionProperties) = preSolution
		HideSolutionNode = FALSE
	EndGlobalSection
	GlobalSection(ExtensibilityGlobals) = postSolution
		SolutionGuid = {4D16CC42-F445-44BB-A6CC-53ECC0BCE77F}
	EndGlobalSection
EndGlobal
