
Microsoft Visual Studio Solution File, Format Version 12.00
# Visual Studio Version 17
VisualStudioVersion = 17.7.34202.233
MinimumVisualStudioVersion = 10.0.40219.1
Project("{FAE04EC0-301F-11D3-BF4B-00C04F79EFBC}") = "PJS5_CSharp", "PJS5_CSharp\PJS5_CSharp.csproj", "{C4C0C366-2B21-4C77-82C8-C9FBB5C3F6AD}"
EndProject
Project("{FAE04EC0-301F-11D3-BF4B-00C04F79EFBC}") = "Test_PJS5_CSharp", "Test_PJS5_CSharp\Test_PJS5_CSharp.csproj", "{DC729330-4A1D-43DD-938D-4376C9C06CF8}"
EndProject
Global
	GlobalSection(SolutionConfigurationPlatforms) = preSolution
		Debug|Any CPU = Debug|Any CPU
		Release|Any CPU = Release|Any CPU
	EndGlobalSection
	GlobalSection(ProjectConfigurationPlatforms) = postSolution
		{C4C0C366-2B21-4C77-82C8-C9FBB5C3F6AD}.Debug|Any CPU.ActiveCfg = Debug|Any CPU
		{C4C0C366-2B21-4C77-82C8-C9FBB5C3F6AD}.Debug|Any CPU.Build.0 = Debug|Any CPU
		{C4C0C366-2B21-4C77-82C8-C9FBB5C3F6AD}.Release|Any CPU.ActiveCfg = Release|Any CPU
		{C4C0C366-2B21-4C77-82C8-C9FBB5C3F6AD}.Release|Any CPU.Build.0 = Release|Any CPU
		{DC729330-4A1D-43DD-938D-4376C9C06CF8}.Debug|Any CPU.ActiveCfg = Debug|Any CPU
		{DC729330-4A1D-43DD-938D-4376C9C06CF8}.Debug|Any CPU.Build.0 = Debug|Any CPU
		{DC729330-4A1D-43DD-938D-4376C9C06CF8}.Release|Any CPU.ActiveCfg = Release|Any CPU
		{DC729330-4A1D-43DD-938D-4376C9C06CF8}.Release|Any CPU.Build.0 = Release|Any CPU
	EndGlobalSection
	GlobalSection(SolutionProperties) = preSolution
		HideSolutionNode = FALSE
	EndGlobalSection
	GlobalSection(ExtensibilityGlobals) = postSolution
		SolutionGuid = {CED5EB8E-F6ED-46E9-B0DE-B94B838CB799}
	EndGlobalSection
EndGlobal
