
Microsoft Visual Studio Solution File, Format Version 12.00
# Visual Studio Version 17
VisualStudioVersion = 17.7.34202.233
MinimumVisualStudioVersion = 10.0.40219.1
Project("{FAE04EC0-301F-11D3-BF4B-00C04F79EFBC}") = "Test_PJS5_CSharp", "Test_PJS5_CSharp\Test_PJS5_CSharp.csproj", "{921F4A05-E6FC-4AA1-BE4B-E083625EA187}"
EndProject
Project("{FAE04EC0-301F-11D3-BF4B-00C04F79EFBC}") = "PJS5_CSharp", "PJS5_CSharp\PJS5_CSharp.csproj", "{20C6B3B3-205F-4219-8547-E6D4F41263D0}"
EndProject
Global
	GlobalSection(SolutionConfigurationPlatforms) = preSolution
		Debug|Any CPU = Debug|Any CPU
		Release|Any CPU = Release|Any CPU
	EndGlobalSection
	GlobalSection(ProjectConfigurationPlatforms) = postSolution
		{921F4A05-E6FC-4AA1-BE4B-E083625EA187}.Debug|Any CPU.ActiveCfg = Debug|Any CPU
		{921F4A05-E6FC-4AA1-BE4B-E083625EA187}.Debug|Any CPU.Build.0 = Debug|Any CPU
		{921F4A05-E6FC-4AA1-BE4B-E083625EA187}.Release|Any CPU.ActiveCfg = Release|Any CPU
		{921F4A05-E6FC-4AA1-BE4B-E083625EA187}.Release|Any CPU.Build.0 = Release|Any CPU
		{20C6B3B3-205F-4219-8547-E6D4F41263D0}.Debug|Any CPU.ActiveCfg = Debug|Any CPU
		{20C6B3B3-205F-4219-8547-E6D4F41263D0}.Debug|Any CPU.Build.0 = Debug|Any CPU
		{20C6B3B3-205F-4219-8547-E6D4F41263D0}.Release|Any CPU.ActiveCfg = Release|Any CPU
		{20C6B3B3-205F-4219-8547-E6D4F41263D0}.Release|Any CPU.Build.0 = Release|Any CPU
	EndGlobalSection
	GlobalSection(SolutionProperties) = preSolution
		HideSolutionNode = FALSE
	EndGlobalSection
	GlobalSection(ExtensibilityGlobals) = postSolution
		SolutionGuid = {CED5EB8E-F6ED-46E9-B0DE-B94B838CB799}
	EndGlobalSection
EndGlobal
